
Microsoft Visual Studio Solution File, Format Version 12.00
# Visual Studio 2012
Project("{FAE04EC0-301F-11D3-BF4B-00C04F79EFBC}") = "WindowsForms12306POST", "WindowsForms12306POST\WindowsForms12306POST.csproj", "{E0216C21-8C7C-450A-813E-F41F54557563}"
EndProject
Global
	GlobalSection(SolutionConfigurationPlatforms) = preSolution
		Debug|Any CPU = Debug|Any CPU
		Release|Any CPU = Release|Any CPU
	EndGlobalSection
	GlobalSection(ProjectConfigurationPlatforms) = postSolution
		{E0216C21-8C7C-450A-813E-F41F54557563}.Debug|Any CPU.ActiveCfg = Debug|Any CPU
		{E0216C21-8C7C-450A-813E-F41F54557563}.Debug|Any CPU.Build.0 = Debug|Any CPU
		{E0216C21-8C7C-450A-813E-F41F54557563}.Release|Any CPU.ActiveCfg = Release|Any CPU
		{E0216C21-8C7C-450A-813E-F41F54557563}.Release|Any CPU.Build.0 = Release|Any CPU
	EndGlobalSection
	GlobalSection(SolutionProperties) = preSolution
		HideSolutionNode = FALSE
	EndGlobalSection
EndGlobal
